
Microsoft Visual Studio Solution File, Format Version 12.00
# Visual Studio Version 16
VisualStudioVersion = 16.0.30804.86
MinimumVisualStudioVersion = 10.0.40219.1
Project("{FAE04EC0-301F-11D3-BF4B-00C04F79EFBC}") = "WDLT.Clients.Steam", "WDLT.Clients.Steam\WDLT.Clients.Steam.csproj", "{007C2775-4D6D-4D93-B396-E0A080435EB5}"
EndProject
Global
	GlobalSection(SolutionConfigurationPlatforms) = preSolution
		Debug|Any CPU = Debug|Any CPU
		Release|Any CPU = Release|Any CPU
	EndGlobalSection
	GlobalSection(ProjectConfigurationPlatforms) = postSolution
		{007C2775-4D6D-4D93-B396-E0A080435EB5}.Debug|Any CPU.ActiveCfg = Debug|Any CPU
		{007C2775-4D6D-4D93-B396-E0A080435EB5}.Debug|Any CPU.Build.0 = Debug|Any CPU
		{007C2775-4D6D-4D93-B396-E0A080435EB5}.Release|Any CPU.ActiveCfg = Release|Any CPU
		{007C2775-4D6D-4D93-B396-E0A080435EB5}.Release|Any CPU.Build.0 = Release|Any CPU
	EndGlobalSection
	GlobalSection(SolutionProperties) = preSolution
		HideSolutionNode = FALSE
	EndGlobalSection
	GlobalSection(ExtensibilityGlobals) = postSolution
		SolutionGuid = {936B572A-1482-48BF-A2F5-64C6ACFE619E}
	EndGlobalSection
EndGlobal
